<?xml version="1.0" encoding="utf-8"?>
<Project ToolsVersion="4.0" xmlns="http://schemas.microsoft.com/developer/msbuild/2003">
  <ItemGroup>
    <Filter Include="Source Files">
      <UniqueIdentifier>{4FC737F1-C7A5-4376-A066-2A32D752A2FF}</UniqueIdentifier>
      <Extensions>cpp;c;cc;cxx;def;odl;idl;hpj;bat;asm;asmx</Extensions>
    </Filter>
    <Filter Include="Header Files">
      <UniqueIdentifier>{93995380-89BD-4b04-88EB-625FBE52EBFB}</UniqueIdentifier>
      <Extensions>h;hh;hpp;hxx;hm;inl;inc;xsd</Extensions>
    </Filter>
    <Filter Include="Resource Files">
      <UniqueIdentifier>{67DA6AB6-F800-4c08-8B7A-83BB121AAD01}</UniqueIdentifier>
      <Extensions>rc;ico;cur;bmp;dlg;rc2;rct;bin;rgs;gif;jpg;jpeg;jpe;resx;tiff;tif;png;wav;mfcribbon-ms</Extensions>
    </Filter>
    <Filter Include="Source Files\VarTypes">
      <UniqueIdentifier>{864e7d83-67fc-436f-a3db-5bc79e98dd6c}</UniqueIdentifier>
    </Filter>
    <Filter Include="Source Files\Entity">
      <UniqueIdentifier>{cb0a34b8-85e3-4888-8761-5c2903cb0195}</UniqueIdentifier>
    </Filter>
    <Filter Include="Source Files\Controller">
      <UniqueIdentifier>{5482d9b0-1ca4-4e66-8303-7f366fd66639}</UniqueIdentifier>
    </Filter>
    <Filter Include="Source Files\Components">
      <UniqueIdentifier>{0fa3f9e0-ebd6-4dd2-b6e3-6a60962d54aa}</UniqueIdentifier>
    </Filter>
    <Filter Include="Source Files\Controller\Commands">
      <UniqueIdentifier>{5afb5b3d-046b-4192-b8c4-1f276a0f6145}</UniqueIdentifier>
    </Filter>
    <Filter Include="Source Files\Entity\PhysicalInfo">
      <UniqueIdentifier>{88435d0c-a30a-483c-8991-258649d446e1}</UniqueIdentifier>
    </Filter>
    <Filter Include="Source Files\World">
      <UniqueIdentifier>{f028af44-046e-4c56-a004-ed01af9d646d}</UniqueIdentifier>
    </Filter>
    <Filter Include="Source Files\Components\SpriteDependencies">
      <UniqueIdentifier>{e12930ac-e146-4158-992d-7ddb2afd608c}</UniqueIdentifier>
    </Filter>
    <Filter Include="Source Files\Components\States">
      <UniqueIdentifier>{e2d4bd30-4dd7-4289-bace-d92c06d7e2f8}</UniqueIdentifier>
    </Filter>
    <Filter Include="Source Files\Components\States\StateDependencies">
      <UniqueIdentifier>{51644e1c-4a0c-43bc-ad0a-7797f2152ce1}</UniqueIdentifier>
    </Filter>
    <Filter Include="Source Files\Components\GraphicsDependencies">
      <UniqueIdentifier>{ec7c5a23-63a1-492c-80f2-3d809afb4e7e}</UniqueIdentifier>
    </Filter>
  </ItemGroup>
  <ItemGroup>
    <ClCompile Include="main.cpp">
      <Filter>Source Files</Filter>
    </ClCompile>
    <ClCompile Include="GameState.cpp">
      <Filter>Source Files</Filter>
    </ClCompile>
    <ClCompile Include="Controller.cpp">
      <Filter>Source Files\Controller</Filter>
    </ClCompile>
    <ClCompile Include="PlayerController.cpp">
      <Filter>Source Files\Controller</Filter>
    </ClCompile>
    <ClCompile Include="MoveForwardCommand.cpp">
      <Filter>Source Files\Controller\Commands</Filter>
    </ClCompile>
    <ClCompile Include="MoveBackwardCommand.cpp">
      <Filter>Source Files\Controller\Commands</Filter>
    </ClCompile>
    <ClCompile Include="MoveLeftCommand.cpp">
      <Filter>Source Files\Controller\Commands</Filter>
    </ClCompile>
    <ClCompile Include="MoveRightCommand.cpp">
      <Filter>Source Files\Controller\Commands</Filter>
    </ClCompile>
    <ClCompile Include="JumpCommand.cpp">
      <Filter>Source Files\Controller\Commands</Filter>
    </ClCompile>
    <ClCompile Include="Entity.cpp">
      <Filter>Source Files\Entity</Filter>
    </ClCompile>
    <ClCompile Include="..\..\Vector2\Vector2\EVector2.cpp">
      <Filter>Source Files\VarTypes</Filter>
    </ClCompile>
    <ClCompile Include="EVector3.cpp">
      <Filter>Source Files\VarTypes</Filter>
    </ClCompile>
    <ClCompile Include="Character.cpp">
      <Filter>Source Files\Entity</Filter>
    </ClCompile>
    <ClCompile Include="CharacterManager.cpp">
      <Filter>Source Files\Entity</Filter>
    </ClCompile>
    <ClCompile Include="Actor.cpp">
      <Filter>Source Files\Entity</Filter>
    </ClCompile>
    <ClCompile Include="AnimState.cpp">
      <Filter>Source Files\Components\States</Filter>
    </ClCompile>
    <ClCompile Include="Transition.cpp">
      <Filter>Source Files\Components\States</Filter>
    </ClCompile>
    <ClCompile Include="State.cpp">
      <Filter>Source Files\Components\States</Filter>
    </ClCompile>
    <ClCompile Include="StateController.cpp">
      <Filter>Source Files\Components\States</Filter>
    </ClCompile>
    <ClCompile Include="AnimStateController.cpp">
      <Filter>Source Files\Components\States</Filter>
    </ClCompile>
    <ClCompile Include="Animation.cpp">
      <Filter>Source Files\Components\GraphicsDependencies</Filter>
    </ClCompile>
    <ClCompile Include="AnimStateComponent.cpp">
      <Filter>Source Files\Components</Filter>
    </ClCompile>
    <ClCompile Include="StateComponent.cpp">
      <Filter>Source Files\Components</Filter>
    </ClCompile>
    <ClCompile Include="TransformComponent.cpp">
      <Filter>Source Files\Components</Filter>
    </ClCompile>
    <ClCompile Include="HealthComponent.cpp">
      <Filter>Source Files\Components</Filter>
    </ClCompile>
  </ItemGroup>
  <ItemGroup>
    <ClInclude Include="GameState.h">
      <Filter>Source Files</Filter>
    </ClInclude>
    <ClInclude Include="Entity.h">
      <Filter>Source Files\Entity</Filter>
    </ClInclude>
    <ClInclude Include="Command.h">
      <Filter>Source Files\Controller</Filter>
    </ClInclude>
    <ClInclude Include="Controller.h">
      <Filter>Source Files\Controller</Filter>
    </ClInclude>
    <ClInclude Include="MoveForwardCommand.h">
      <Filter>Source Files\Controller\Commands</Filter>
    </ClInclude>
    <ClInclude Include="PlayerController.h">
      <Filter>Source Files\Controller</Filter>
    </ClInclude>
    <ClInclude Include="Attributes.h">
      <Filter>Source Files\Entity\PhysicalInfo</Filter>
    </ClInclude>
    <ClInclude Include="MoveBackwardCommand.h">
      <Filter>Source Files\Controller\Commands</Filter>
    </ClInclude>
    <ClInclude Include="MoveLeftCommand.h">
      <Filter>Source Files\Controller\Commands</Filter>
    </ClInclude>
    <ClInclude Include="MoveRightCommand.h">
      <Filter>Source Files\Controller\Commands</Filter>
    </ClInclude>
    <ClInclude Include="JumpCommand.h">
      <Filter>Source Files\Controller\Commands</Filter>
    </ClInclude>
    <ClInclude Include="World.h">
      <Filter>Source Files\World</Filter>
    </ClInclude>
    <ClInclude Include="Material.h">
      <Filter>Source Files\World</Filter>
    </ClInclude>
    <ClInclude Include="PhysicalState.h">
      <Filter>Source Files\Entity\PhysicalInfo</Filter>
    </ClInclude>
    <ClInclude Include="TexturePtr.h">
      <Filter>Source Files\Components\SpriteDependencies</Filter>
    </ClInclude>
    <ClInclude Include="..\..\Vector2\Vector2\EVector2.h">
      <Filter>Source Files\VarTypes</Filter>
    </ClInclude>
    <ClInclude Include="EVector3.h">
      <Filter>Source Files\VarTypes</Filter>
    </ClInclude>
    <ClInclude Include="Character.h">
      <Filter>Source Files\Entity</Filter>
    </ClInclude>
    <ClInclude Include="CharacterManager.h">
      <Filter>Source Files\Entity</Filter>
    </ClInclude>
    <ClInclude Include="Actor.h">
      <Filter>Source Files\Entity</Filter>
    </ClInclude>
    <ClInclude Include="AnimState.h">
      <Filter>Source Files\Components\States</Filter>
    </ClInclude>
    <ClInclude Include="State.h">
      <Filter>Source Files\Components\States</Filter>
    </ClInclude>
    <ClInclude Include="Transition.h">
      <Filter>Source Files\Components\States</Filter>
    </ClInclude>
    <ClInclude Include="TransitionRule.h">
      <Filter>Source Files\Components\States</Filter>
    </ClInclude>
    <ClInclude Include="Comparer.h">
      <Filter>Source Files\Components\States\StateDependencies</Filter>
    </ClInclude>
    <ClInclude Include="StateController.h">
      <Filter>Source Files\Components\States</Filter>
    </ClInclude>
    <ClInclude Include="AnimStateController.h">
      <Filter>Source Files\Components\States</Filter>
    </ClInclude>
    <ClInclude Include="StateComponent.h">
      <Filter>Source Files\Components</Filter>
    </ClInclude>
    <ClInclude Include="Animation.h">
      <Filter>Source Files\Components\GraphicsDependencies</Filter>
    </ClInclude>
    <ClInclude Include="Sprite.h">
      <Filter>Source Files\Components\GraphicsDependencies</Filter>
    </ClInclude>
    <ClInclude Include="Component.h">
      <Filter>Source Files\Components</Filter>
    </ClInclude>
    <ClInclude Include="AnimStateComponent.h">
      <Filter>Source Files\Components</Filter>
    </ClInclude>
    <ClInclude Include="TransitionRuleBase.h">
      <Filter>Source Files\Components\States</Filter>
    </ClInclude>
    <ClInclude Include="HealthComponent.h">
      <Filter>Source Files\Components</Filter>
    </ClInclude>
    <ClInclude Include="TransformComponent.h">
      <Filter>Source Files\Components</Filter>
    </ClInclude>
  </ItemGroup>
</Project>