<?xml version="1.0" encoding="utf-8"?>
<Project ToolsVersion="4.0" xmlns="http://schemas.microsoft.com/developer/msbuild/2003">
  <ItemGroup>
    <Filter Include="Source Files">
      <UniqueIdentifier>{4FC737F1-C7A5-4376-A066-2A32D752A2FF}</UniqueIdentifier>
      <Extensions>cpp;c;cc;cxx;def;odl;idl;hpj;bat;asm;asmx</Extensions>
    </Filter>
    <Filter Include="Header Files">
      <UniqueIdentifier>{93995380-89BD-4b04-88EB-625FBE52EBFB}</UniqueIdentifier>
      <Extensions>h;hh;hpp;hxx;hm;inl;inc;xsd</Extensions>
    </Filter>
    <Filter Include="Resource Files">
      <UniqueIdentifier>{67DA6AB6-F800-4c08-8B7A-83BB121AAD01}</UniqueIdentifier>
      <Extensions>rc;ico;cur;bmp;dlg;rc2;rct;bin;rgs;gif;jpg;jpeg;jpe;resx;tiff;tif;png;wav;mfcribbon-ms</Extensions>
    </Filter>
    <Filter Include="Source Files\Entity">
      <UniqueIdentifier>{cb0a34b8-85e3-4888-8761-5c2903cb0195}</UniqueIdentifier>
    </Filter>
    <Filter Include="Source Files\Controller">
      <UniqueIdentifier>{5482d9b0-1ca4-4e66-8303-7f366fd66639}</UniqueIdentifier>
    </Filter>
    <Filter Include="Source Files\Components">
      <UniqueIdentifier>{0fa3f9e0-ebd6-4dd2-b6e3-6a60962d54aa}</UniqueIdentifier>
    </Filter>
    <Filter Include="Source Files\Controller\Commands">
      <UniqueIdentifier>{5afb5b3d-046b-4192-b8c4-1f276a0f6145}</UniqueIdentifier>
    </Filter>
    <Filter Include="Source Files\Components\States">
      <UniqueIdentifier>{e2d4bd30-4dd7-4289-bace-d92c06d7e2f8}</UniqueIdentifier>
    </Filter>
    <Filter Include="Source Files\Components\States\StateDependencies">
      <UniqueIdentifier>{51644e1c-4a0c-43bc-ad0a-7797f2152ce1}</UniqueIdentifier>
    </Filter>
    <Filter Include="Source Files\GameStates">
      <UniqueIdentifier>{455f77da-2d91-4df2-94e5-d063fc5635c1}</UniqueIdentifier>
    </Filter>
    <Filter Include="Source Files\Components\DrawableComponents">
      <UniqueIdentifier>{efb708f8-90ab-43e3-98ba-363d314bc67e}</UniqueIdentifier>
    </Filter>
    <Filter Include="Source Files\Components\NonDrawableComponents">
      <UniqueIdentifier>{4f3acd7c-27b5-4724-a615-dbc1a4858986}</UniqueIdentifier>
    </Filter>
    <Filter Include="Source Files\Components\DrawableComponents\GraphicsDependencies">
      <UniqueIdentifier>{ec7c5a23-63a1-492c-80f2-3d809afb4e7e}</UniqueIdentifier>
    </Filter>
    <Filter Include="Source Files\Components\DrawableComponents\GraphicsDependencies\SpriteDependencies">
      <UniqueIdentifier>{e12930ac-e146-4158-992d-7ddb2afd608c}</UniqueIdentifier>
    </Filter>
    <Filter Include="Source Files\Components\NonDrawableComponents\InputComponents">
      <UniqueIdentifier>{d5109be6-f8c5-4d49-9603-d112074c667f}</UniqueIdentifier>
    </Filter>
    <Filter Include="Source Files\Scene">
      <UniqueIdentifier>{ad4724cd-f06f-4136-814f-4e7d5779c7a1}</UniqueIdentifier>
    </Filter>
    <Filter Include="Source Files\Scene\World">
      <UniqueIdentifier>{f028af44-046e-4c56-a004-ed01af9d646d}</UniqueIdentifier>
    </Filter>
    <Filter Include="Source Files\Components\GUIComponents">
      <UniqueIdentifier>{9bc39a6a-468c-4378-872b-34eeaf7e99a7}</UniqueIdentifier>
    </Filter>
    <Filter Include="Source Files\Components\GUIComponents\TextComponentExtensions">
      <UniqueIdentifier>{75b93c93-9a20-475d-a639-f6668fb51e7f}</UniqueIdentifier>
    </Filter>
    <Filter Include="Source Files\LearningStuff">
      <UniqueIdentifier>{097dc00d-6635-44ee-91d8-e6bb207a18a0}</UniqueIdentifier>
    </Filter>
  </ItemGroup>
  <ItemGroup>
    <ClCompile Include="main.cpp">
      <Filter>Source Files</Filter>
    </ClCompile>
    <ClCompile Include="GameState.cpp">
      <Filter>Source Files</Filter>
    </ClCompile>
    <ClCompile Include="Controller.cpp">
      <Filter>Source Files\Controller</Filter>
    </ClCompile>
    <ClCompile Include="PlayerController.cpp">
      <Filter>Source Files\Controller</Filter>
    </ClCompile>
    <ClCompile Include="JumpCommand.cpp">
      <Filter>Source Files\Controller\Commands</Filter>
    </ClCompile>
    <ClCompile Include="Character.cpp">
      <Filter>Source Files\Entity</Filter>
    </ClCompile>
    <ClCompile Include="Game.cpp">
      <Filter>Source Files</Filter>
    </ClCompile>
    <ClCompile Include="GameStateMainMenu.cpp">
      <Filter>Source Files\GameStates</Filter>
    </ClCompile>
    <ClCompile Include="GameStateEditor.cpp">
      <Filter>Source Files\GameStates</Filter>
    </ClCompile>
    <ClCompile Include="GameStatePlay.cpp">
      <Filter>Source Files\GameStates</Filter>
    </ClCompile>
    <ClCompile Include="TextureLibrary.cpp">
      <Filter>Source Files</Filter>
    </ClCompile>
    <ClCompile Include="Sequence.cpp">
      <Filter>Source Files\Components\DrawableComponents\GraphicsDependencies</Filter>
    </ClCompile>
    <ClCompile Include="Tracker.cpp">
      <Filter>Source Files</Filter>
    </ClCompile>
    <ClCompile Include="FlyCommand.cpp">
      <Filter>Source Files\Controller\Commands</Filter>
    </ClCompile>
    <ClCompile Include="Scene.cpp">
      <Filter>Source Files\Scene</Filter>
    </ClCompile>
    <ClCompile Include="GUIEntity.cpp">
      <Filter>Source Files\Entity</Filter>
    </ClCompile>
    <ClCompile Include="MyGLFunctions.cpp">
      <Filter>Source Files\LearningStuff</Filter>
    </ClCompile>
    <ClCompile Include="MyGLTexture.cpp">
      <Filter>Source Files\LearningStuff</Filter>
    </ClCompile>
    <ClCompile Include="GraphicsWrappers\src\Window.cpp">
      <Filter>Source Files</Filter>
    </ClCompile>
    <ClCompile Include="GraphicsWrappers\src\GLCheck.cpp">
      <Filter>Source Files</Filter>
    </ClCompile>
    <ClCompile Include="GraphicsWrappers\src\Sprite.cpp">
      <Filter>Source Files</Filter>
    </ClCompile>
    <ClCompile Include="GraphicsWrappers\src\GLUtils.cpp">
      <Filter>Source Files</Filter>
    </ClCompile>
    <ClCompile Include="GraphicsWrappers\src\Texture.cpp">
      <Filter>Source Files</Filter>
    </ClCompile>
    <ClCompile Include="Source\Entities\Actor.cpp">
      <Filter>Source Files\Entity</Filter>
    </ClCompile>
    <ClCompile Include="Source\Entities\Entity.cpp">
      <Filter>Source Files\Entity</Filter>
    </ClCompile>
    <ClCompile Include="Source\Components\AnimStateComponent.cpp">
      <Filter>Source Files\Components\DrawableComponents</Filter>
    </ClCompile>
    <ClCompile Include="Source\Components\PhysicsComponent.cpp">
      <Filter>Source Files\Components\NonDrawableComponents</Filter>
    </ClCompile>
    <ClCompile Include="Source\Components\StateComponent.cpp">
      <Filter>Source Files\Components</Filter>
    </ClCompile>
    <ClCompile Include="Source\Components\TransformComponent.cpp">
      <Filter>Source Files\Components\NonDrawableComponents</Filter>
    </ClCompile>
    <ClCompile Include="Source\Components\HealthComponent.cpp">
      <Filter>Source Files\Components\NonDrawableComponents</Filter>
    </ClCompile>
    <ClCompile Include="Source\States\AnimState.cpp">
      <Filter>Source Files\Components\States</Filter>
    </ClCompile>
    <ClCompile Include="Source\States\AnimStateController.cpp">
      <Filter>Source Files\Components\States</Filter>
    </ClCompile>
    <ClCompile Include="Source\States\State.cpp">
      <Filter>Source Files\Components\States</Filter>
    </ClCompile>
    <ClCompile Include="Source\States\StateController.cpp">
      <Filter>Source Files\Components\States</Filter>
    </ClCompile>
    <ClCompile Include="Source\States\Transition.cpp">
      <Filter>Source Files\Components\States</Filter>
    </ClCompile>
    <ClCompile Include="GraphicsWrappers\src\Animation.cpp">
      <Filter>Source Files\Components\DrawableComponents\GraphicsDependencies</Filter>
    </ClCompile>
    <ClCompile Include="Source\Entities\ActorManager.cpp">
      <Filter>Source Files\Entity</Filter>
    </ClCompile>
  </ItemGroup>
  <ItemGroup>
    <ClInclude Include="GameState.h">
      <Filter>Source Files</Filter>
    </ClInclude>
    <ClInclude Include="Command.h">
      <Filter>Source Files\Controller</Filter>
    </ClInclude>
    <ClInclude Include="Controller.h">
      <Filter>Source Files\Controller</Filter>
    </ClInclude>
    <ClInclude Include="PlayerController.h">
      <Filter>Source Files\Controller</Filter>
    </ClInclude>
    <ClInclude Include="JumpCommand.h">
      <Filter>Source Files\Controller\Commands</Filter>
    </ClInclude>
    <ClInclude Include="World.h">
      <Filter>Source Files\Scene\World</Filter>
    </ClInclude>
    <ClInclude Include="Material.h">
      <Filter>Source Files\Scene\World</Filter>
    </ClInclude>
    <ClInclude Include="TexturePtr.h">
      <Filter>Source Files\Components\DrawableComponents\GraphicsDependencies\SpriteDependencies</Filter>
    </ClInclude>
    <ClInclude Include="Character.h">
      <Filter>Source Files\Entity</Filter>
    </ClInclude>
    <ClInclude Include="Sprite.h">
      <Filter>Source Files\Components\DrawableComponents\GraphicsDependencies</Filter>
    </ClInclude>
    <ClInclude Include="Game.h">
      <Filter>Source Files</Filter>
    </ClInclude>
    <ClInclude Include="GameStatePlay.h">
      <Filter>Source Files\GameStates</Filter>
    </ClInclude>
    <ClInclude Include="GameStateEditor.h">
      <Filter>Source Files\GameStates</Filter>
    </ClInclude>
    <ClInclude Include="GameStateMainMenu.h">
      <Filter>Source Files\GameStates</Filter>
    </ClInclude>
    <ClInclude Include="TextureLibrary.h">
      <Filter>Source Files</Filter>
    </ClInclude>
    <ClInclude Include="Sequence.h">
      <Filter>Source Files\Components\DrawableComponents\GraphicsDependencies</Filter>
    </ClInclude>
    <ClInclude Include="Event.h">
      <Filter>Source Files</Filter>
    </ClInclude>
    <ClInclude Include="FlyCommand.h">
      <Filter>Source Files\Controller\Commands</Filter>
    </ClInclude>
    <ClInclude Include="Scene.h">
      <Filter>Source Files\Scene</Filter>
    </ClInclude>
    <ClInclude Include="Aligned16.h">
      <Filter>Source Files</Filter>
    </ClInclude>
    <ClInclude Include="AlignTest.h">
      <Filter>Source Files</Filter>
    </ClInclude>
    <ClInclude Include="TextComponent.h">
      <Filter>Source Files\Components\GUIComponents</Filter>
    </ClInclude>
    <ClInclude Include="FloatValueDisplayText.h">
      <Filter>Source Files\Components\GUIComponents\TextComponentExtensions</Filter>
    </ClInclude>
    <ClInclude Include="ZWorld.h">
      <Filter>Source Files\Scene\World</Filter>
    </ClInclude>
    <ClInclude Include="resource.h">
      <Filter>Header Files</Filter>
    </ClInclude>
    <ClInclude Include="MyGLFunctions.h">
      <Filter>Header Files</Filter>
    </ClInclude>
    <ClInclude Include="MyGLTexture.h">
      <Filter>Header Files</Filter>
    </ClInclude>
    <ClInclude Include="GraphicsWrappers\Window.h">
      <Filter>Header Files</Filter>
    </ClInclude>
    <ClInclude Include="GraphicsWrappers\GLCheck.h">
      <Filter>Header Files</Filter>
    </ClInclude>
    <ClInclude Include="GraphicsWrappers\Sprite.h">
      <Filter>Header Files</Filter>
    </ClInclude>
    <ClInclude Include="GraphicsWrappers\Vertex.h">
      <Filter>Header Files</Filter>
    </ClInclude>
    <ClInclude Include="GraphicsWrappers\GraphicsWrappers.h">
      <Filter>Header Files</Filter>
    </ClInclude>
    <ClInclude Include="GraphicsWrappers\Texture.h">
      <Filter>Header Files</Filter>
    </ClInclude>
    <ClInclude Include="GraphicsWrappers\GLUtils.h">
      <Filter>Header Files</Filter>
    </ClInclude>
    <ClInclude Include="GraphicsWrappers\DrawableDT.h">
      <Filter>Header Files</Filter>
    </ClInclude>
    <ClInclude Include="GraphicsWrappers\DrawWindow.h">
      <Filter>Header Files</Filter>
    </ClInclude>
    <ClInclude Include="Headers\Components\AnimStateComponent.h">
      <Filter>Source Files\Components\DrawableComponents</Filter>
    </ClInclude>
    <ClInclude Include="Headers\Components\ColliderComponent.h">
      <Filter>Source Files\Components\NonDrawableComponents</Filter>
    </ClInclude>
    <ClInclude Include="Headers\Components\Component.h">
      <Filter>Source Files\Components</Filter>
    </ClInclude>
    <ClInclude Include="Headers\Components\DrawableComponent.h">
      <Filter>Source Files\Components\DrawableComponents</Filter>
    </ClInclude>
    <ClInclude Include="Headers\Components\GUIComponent.h">
      <Filter>Source Files\Components</Filter>
    </ClInclude>
    <ClInclude Include="Headers\Components\HealthComponent.h">
      <Filter>Source Files\Components\NonDrawableComponents</Filter>
    </ClInclude>
    <ClInclude Include="Headers\Components\InputComponent.h">
      <Filter>Source Files\Components\NonDrawableComponents\InputComponents</Filter>
    </ClInclude>
    <ClInclude Include="Headers\Components\PhysicsComponent.h">
      <Filter>Source Files\Components\NonDrawableComponents</Filter>
    </ClInclude>
    <ClInclude Include="Headers\Components\StateComponent.h">
      <Filter>Source Files\Components</Filter>
    </ClInclude>
    <ClInclude Include="Headers\Components\StaticSpriteComponent.h">
      <Filter>Source Files\Components\DrawableComponents</Filter>
    </ClInclude>
    <ClInclude Include="Headers\Components\TransformComponent.h">
      <Filter>Source Files\Components\NonDrawableComponents</Filter>
    </ClInclude>
    <ClInclude Include="Headers\Entities\Actor.h">
      <Filter>Source Files\Entity</Filter>
    </ClInclude>
    <ClInclude Include="Headers\Entities\Entity.h">
      <Filter>Source Files\Entity</Filter>
    </ClInclude>
    <ClInclude Include="Headers\Tracked.h">
      <Filter>Source Files</Filter>
    </ClInclude>
    <ClInclude Include="Headers\Tracker.h">
      <Filter>Source Files</Filter>
    </ClInclude>
    <ClInclude Include="Headers\Entities\GUIEntity.h">
      <Filter>Source Files\Entity</Filter>
    </ClInclude>
    <ClInclude Include="Headers\States\AnimStateController.h">
      <Filter>Source Files\Components\States</Filter>
    </ClInclude>
    <ClInclude Include="Headers\States\AnimState.h">
      <Filter>Source Files\Components\States</Filter>
    </ClInclude>
    <ClInclude Include="Headers\States\State.h">
      <Filter>Source Files\Components\States</Filter>
    </ClInclude>
    <ClInclude Include="Headers\States\StateController.h">
      <Filter>Source Files\Components\States</Filter>
    </ClInclude>
    <ClInclude Include="Headers\States\Transition.h">
      <Filter>Source Files\Components\States</Filter>
    </ClInclude>
    <ClInclude Include="Headers\States\TransitionRule.h">
      <Filter>Source Files\Components\States</Filter>
    </ClInclude>
    <ClInclude Include="Headers\States\TransitionRuleBase.h">
      <Filter>Source Files\Components\States</Filter>
    </ClInclude>
    <ClInclude Include="Headers\States\Comparer.h">
      <Filter>Source Files\Components\States\StateDependencies</Filter>
    </ClInclude>
    <ClInclude Include="GraphicsWrappers\Animation.h">
      <Filter>Source Files\Components\DrawableComponents\GraphicsDependencies</Filter>
    </ClInclude>
    <ClInclude Include="Headers\Entities\ActorManager.h">
      <Filter>Source Files\Entity</Filter>
    </ClInclude>
    <ClInclude Include="GraphicsWrappers\RenderStatesDT.h">
      <Filter>Header Files</Filter>
    </ClInclude>
  </ItemGroup>
  <ItemGroup>
    <ResourceCompile Include="DungeonRaider.rc">
      <Filter>Resource Files</Filter>
    </ResourceCompile>
  </ItemGroup>
  <ItemGroup>
    <Image Include="Textures\background.png">
      <Filter>Resource Files</Filter>
    </Image>
    <Image Include="Textures\skeleton_idle.png">
      <Filter>Resource Files</Filter>
    </Image>
  </ItemGroup>
</Project>